
Microsoft Visual Studio Solution File, Format Version 12.00
# Visual Studio Version 17
VisualStudioVersion = 17.10.35122.118
MinimumVisualStudioVersion = 10.0.40219.1
Project("{FAE04EC0-301F-11D3-BF4B-00C04F79EFBC}") = "Personal_takip_1", "Personal_takip_1.csproj", "{3B828BB2-A850-49D5-A79F-3FFEB507C88D}"
EndProject
Global
	GlobalSection(SolutionConfigurationPlatforms) = preSolution
		Debug|Any CPU = Debug|Any CPU
		Release|Any CPU = Release|Any CPU
	EndGlobalSection
	GlobalSection(ProjectConfigurationPlatforms) = postSolution
		{3B828BB2-A850-49D5-A79F-3FFEB507C88D}.Debug|Any CPU.ActiveCfg = Debug|Any CPU
		{3B828BB2-A850-49D5-A79F-3FFEB507C88D}.Debug|Any CPU.Build.0 = Debug|Any CPU
		{3B828BB2-A850-49D5-A79F-3FFEB507C88D}.Release|Any CPU.ActiveCfg = Release|Any CPU
		{3B828BB2-A850-49D5-A79F-3FFEB507C88D}.Release|Any CPU.Build.0 = Release|Any CPU
	EndGlobalSection
	GlobalSection(SolutionProperties) = preSolution
		HideSolutionNode = FALSE
	EndGlobalSection
	GlobalSection(ExtensibilityGlobals) = postSolution
		SolutionGuid = {CF093A5A-D1F7-4D1D-8D86-17EAAA15C001}
	EndGlobalSection
EndGlobal
